<?xml version="1.0" encoding="utf-8"?>
<Project ToolsVersion="4.0" xmlns="http://schemas.microsoft.com/developer/msbuild/2003">
  <ItemGroup>
    <Filter Include="原始程式檔">
      <UniqueIdentifier>{4FC737F1-C7A5-4376-A066-2A32D752A2FF}</UniqueIdentifier>
      <Extensions>cpp;c;cc;cxx;def;odl;idl;hpj;bat;asm;asmx</Extensions>
    </Filter>
    <Filter Include="標頭檔">
      <UniqueIdentifier>{93995380-89BD-4b04-88EB-625FBE52EBFB}</UniqueIdentifier>
      <Extensions>h;hh;hpp;hxx;hm;inl;inc;xsd</Extensions>
    </Filter>
    <Filter Include="資源檔">
      <UniqueIdentifier>{67DA6AB6-F800-4c08-8B7A-83BB121AAD01}</UniqueIdentifier>
      <Extensions>rc;ico;cur;bmp;dlg;rc2;rct;bin;rgs;gif;jpg;jpeg;jpe;resx;tiff;tif;png;wav;mfcribbon-ms</Extensions>
    </Filter>
    <Filter Include="原始程式檔\Vessel">
      <UniqueIdentifier>{adbfed38-b59b-4e7b-b965-338145d904ba}</UniqueIdentifier>
    </Filter>
    <Filter Include="原始程式檔\Weapon">
      <UniqueIdentifier>{dffcb963-0050-4f67-a092-a34295c3de74}</UniqueIdentifier>
    </Filter>
  </ItemGroup>
  <ItemGroup>
    <ClCompile Include="main.cpp">
      <Filter>原始程式檔</Filter>
    </ClCompile>
    <ClCompile Include="MainForm.cpp">
      <Filter>原始程式檔</Filter>
    </ClCompile>
    <ClCompile Include="Vessel.cpp">
      <Filter>原始程式檔\Vessel</Filter>
    </ClCompile>
    <ClCompile Include="Weapon.cpp">
      <Filter>原始程式檔\Weapon</Filter>
    </ClCompile>
    <ClCompile Include="Team.cpp">
      <Filter>原始程式檔</Filter>
    </ClCompile>
    <ClCompile Include="CV.cpp">
      <Filter>原始程式檔\Vessel</Filter>
    </ClCompile>
    <ClCompile Include="Layer.cpp">
      <Filter>原始程式檔</Filter>
    </ClCompile>
    <ClCompile Include="MovableObject.cpp">
      <Filter>原始程式檔</Filter>
    </ClCompile>
    <ClCompile Include="CG.cpp">
      <Filter>原始程式檔\Vessel</Filter>
    </ClCompile>
    <ClCompile Include="BB.cpp">
      <Filter>原始程式檔\Vessel</Filter>
    </ClCompile>
    <ClCompile Include="DD.cpp">
      <Filter>原始程式檔\Vessel</Filter>
    </ClCompile>
    <ClCompile Include="FL.cpp">
      <Filter>原始程式檔\Vessel</Filter>
    </ClCompile>
    <ClCompile Include="LJP.cpp">
      <Filter>原始程式檔\Vessel</Filter>
    </ClCompile>
    <ClCompile Include="Missile.cpp">
      <Filter>原始程式檔\Weapon</Filter>
    </ClCompile>
    <ClCompile Include="AlertArea.cpp">
      <Filter>原始程式檔</Filter>
    </ClCompile>
  </ItemGroup>
  <ItemGroup>
    <ClInclude Include="MainForm.h">
      <Filter>原始程式檔</Filter>
    </ClInclude>
    <ClInclude Include="Vessel.h">
      <Filter>原始程式檔\Vessel</Filter>
    </ClInclude>
    <ClInclude Include="Weapon.h">
      <Filter>原始程式檔\Weapon</Filter>
    </ClInclude>
    <ClInclude Include="Team.h">
      <Filter>原始程式檔</Filter>
    </ClInclude>
    <ClInclude Include="DefineMacros.h">
      <Filter>原始程式檔</Filter>
    </ClInclude>
    <ClInclude Include="CommonStruct.h">
      <Filter>原始程式檔</Filter>
    </ClInclude>
    <ClInclude Include="CV.h">
      <Filter>原始程式檔\Vessel</Filter>
    </ClInclude>
    <ClInclude Include="BB.h">
      <Filter>原始程式檔\Vessel</Filter>
    </ClInclude>
    <ClInclude Include="CG.h">
      <Filter>原始程式檔\Vessel</Filter>
    </ClInclude>
    <ClInclude Include="DD.h">
      <Filter>原始程式檔\Vessel</Filter>
    </ClInclude>
    <ClInclude Include="Layer.h">
      <Filter>原始程式檔</Filter>
    </ClInclude>
    <ClInclude Include="MovableObject.h">
      <Filter>原始程式檔</Filter>
    </ClInclude>
    <ClInclude Include="GlobalVariable.h">
      <Filter>原始程式檔</Filter>
    </ClInclude>
    <ClInclude Include="FL.h">
      <Filter>原始程式檔\Vessel</Filter>
    </ClInclude>
    <ClInclude Include="LJP.h">
      <Filter>原始程式檔\Vessel</Filter>
    </ClInclude>
    <ClInclude Include="Missile.h">
      <Filter>原始程式檔\Weapon</Filter>
    </ClInclude>
    <ClInclude Include="AlertArea.h">
      <Filter>原始程式檔</Filter>
    </ClInclude>
  </ItemGroup>
  <ItemGroup>
    <EmbeddedResource Include="MainForm.resx">
      <Filter>資源檔</Filter>
    </EmbeddedResource>
  </ItemGroup>
</Project>